
Microsoft Visual Studio Solution File, Format Version 12.00
# Visual Studio Version 16
VisualStudioVersion = 16.0.29728.190
MinimumVisualStudioVersion = 10.0.40219.1
Project("{FAE04EC0-301F-11D3-BF4B-00C04F79EFBC}") = "Классы (библиотека)", "Классы\Классы (библиотека).csproj", "{0178F934-A4A3-4A26-AE13-369FB421AA3D}"
EndProject
Project("{FAE04EC0-301F-11D3-BF4B-00C04F79EFBC}") = "Библиотека графики", "Библиотека графики\Библиотека графики.csproj", "{72477714-ACF0-4659-A0DF-12F481BC85EC}"
EndProject
Project("{FAE04EC0-301F-11D3-BF4B-00C04F79EFBC}") = "nzy3d-winformsDemo", "nzy3d-api-master\nzy3d-api-master\nzy3d-winformsDemo\nzy3d-winformsDemo.csproj", "{8C148A22-B1DE-44F2-AEA8-90853DCA6EFE}"
EndProject
Project("{FAE04EC0-301F-11D3-BF4B-00C04F79EFBC}") = "Computator.NET", "Computator.NET-master\Computator.NET\Computator.NET.csproj", "{5731ED79-DFC9-41D5-8A2E-82C578AD1D96}"
EndProject
Project("{9A19103F-16F7-4668-BE54-9A1E7A4F7556}") = "MathClassesLibrary", "MathClassesLibrary\MathClassesLibrary.csproj", "{C40CE1D0-3CBB-4129-86CB-3332CE4FC0BB}"
EndProject
Project("{9A19103F-16F7-4668-BE54-9A1E7A4F7556}") = "MathClassesTests", "MathClassesTests\MathClassesTests.csproj", "{1C4ECBB9-DA95-4372-BD0A-B2970AC3ED53}"
EndProject
Project("{FAE04EC0-301F-11D3-BF4B-00C04F79EFBC}") = "Examples", "Examples\Examples.csproj", "{006B1A47-6231-42F0-BC40-C39D553BE47D}"
EndProject
Global
	GlobalSection(SolutionConfigurationPlatforms) = preSolution
		Debug|Any CPU = Debug|Any CPU
		Release|Any CPU = Release|Any CPU
	EndGlobalSection
	GlobalSection(ProjectConfigurationPlatforms) = postSolution
		{0178F934-A4A3-4A26-AE13-369FB421AA3D}.Debug|Any CPU.ActiveCfg = Debug|Any CPU
		{0178F934-A4A3-4A26-AE13-369FB421AA3D}.Debug|Any CPU.Build.0 = Debug|Any CPU
		{0178F934-A4A3-4A26-AE13-369FB421AA3D}.Release|Any CPU.ActiveCfg = Release|Any CPU
		{0178F934-A4A3-4A26-AE13-369FB421AA3D}.Release|Any CPU.Build.0 = Release|Any CPU
		{72477714-ACF0-4659-A0DF-12F481BC85EC}.Debug|Any CPU.ActiveCfg = Debug|Any CPU
		{72477714-ACF0-4659-A0DF-12F481BC85EC}.Debug|Any CPU.Build.0 = Debug|Any CPU
		{72477714-ACF0-4659-A0DF-12F481BC85EC}.Release|Any CPU.ActiveCfg = Release|Any CPU
		{72477714-ACF0-4659-A0DF-12F481BC85EC}.Release|Any CPU.Build.0 = Release|Any CPU
		{8C148A22-B1DE-44F2-AEA8-90853DCA6EFE}.Debug|Any CPU.ActiveCfg = Debug|Any CPU
		{8C148A22-B1DE-44F2-AEA8-90853DCA6EFE}.Debug|Any CPU.Build.0 = Debug|Any CPU
		{8C148A22-B1DE-44F2-AEA8-90853DCA6EFE}.Release|Any CPU.ActiveCfg = Release|Any CPU
		{8C148A22-B1DE-44F2-AEA8-90853DCA6EFE}.Release|Any CPU.Build.0 = Release|Any CPU
		{5731ED79-DFC9-41D5-8A2E-82C578AD1D96}.Debug|Any CPU.ActiveCfg = Debug|Any CPU
		{5731ED79-DFC9-41D5-8A2E-82C578AD1D96}.Debug|Any CPU.Build.0 = Debug|Any CPU
		{5731ED79-DFC9-41D5-8A2E-82C578AD1D96}.Release|Any CPU.ActiveCfg = Release|Any CPU
		{5731ED79-DFC9-41D5-8A2E-82C578AD1D96}.Release|Any CPU.Build.0 = Release|Any CPU
		{C40CE1D0-3CBB-4129-86CB-3332CE4FC0BB}.Debug|Any CPU.ActiveCfg = Debug|Any CPU
		{C40CE1D0-3CBB-4129-86CB-3332CE4FC0BB}.Debug|Any CPU.Build.0 = Debug|Any CPU
		{C40CE1D0-3CBB-4129-86CB-3332CE4FC0BB}.Release|Any CPU.ActiveCfg = Release|Any CPU
		{C40CE1D0-3CBB-4129-86CB-3332CE4FC0BB}.Release|Any CPU.Build.0 = Release|Any CPU
		{1C4ECBB9-DA95-4372-BD0A-B2970AC3ED53}.Debug|Any CPU.ActiveCfg = Debug|Any CPU
		{1C4ECBB9-DA95-4372-BD0A-B2970AC3ED53}.Debug|Any CPU.Build.0 = Debug|Any CPU
		{1C4ECBB9-DA95-4372-BD0A-B2970AC3ED53}.Release|Any CPU.ActiveCfg = Release|Any CPU
		{1C4ECBB9-DA95-4372-BD0A-B2970AC3ED53}.Release|Any CPU.Build.0 = Release|Any CPU
		{006B1A47-6231-42F0-BC40-C39D553BE47D}.Debug|Any CPU.ActiveCfg = Debug|Any CPU
		{006B1A47-6231-42F0-BC40-C39D553BE47D}.Debug|Any CPU.Build.0 = Debug|Any CPU
		{006B1A47-6231-42F0-BC40-C39D553BE47D}.Release|Any CPU.ActiveCfg = Release|Any CPU
		{006B1A47-6231-42F0-BC40-C39D553BE47D}.Release|Any CPU.Build.0 = Release|Any CPU
	EndGlobalSection
	GlobalSection(SolutionProperties) = preSolution
		HideSolutionNode = FALSE
	EndGlobalSection
	GlobalSection(ExtensibilityGlobals) = postSolution
		SolutionGuid = {1BC43A44-42D8-4269-8C09-56DF534F7911}
	EndGlobalSection
EndGlobal
