
Microsoft Visual Studio Solution File, Format Version 12.00
# Visual Studio Version 16
VisualStudioVersion = 16.0.29728.190
MinimumVisualStudioVersion = 10.0.40219.1
Project("{FAE04EC0-301F-11D3-BF4B-00C04F79EFBC}") = "Классы (библиотека)", "Классы\Классы (библиотека).csproj", "{CD3EEFDE-74ED-48DA-8E82-1E6ABAB1A140}"
EndProject
Project("{FAE04EC0-301F-11D3-BF4B-00C04F79EFBC}") = "Библиотека графики", "Библиотека графики\Библиотека графики.csproj", "{CE3C0ED7-208C-4043-89A9-19E93F1E2E46}"
EndProject
Project("{FAE04EC0-301F-11D3-BF4B-00C04F79EFBC}") = "nzy3d-winformsDemo", "nzy3d-api-master\nzy3d-api-master\nzy3d-winformsDemo\nzy3d-winformsDemo.csproj", "{8C148A22-B1DE-44F2-AEA8-90853DCA6EFE}"
EndProject
Project("{FAE04EC0-301F-11D3-BF4B-00C04F79EFBC}") = "Computator.NET", "Computator.NET-master\Computator.NET\Computator.NET.csproj", "{5731ED79-DFC9-41D5-8A2E-82C578AD1D96}"
EndProject
Global
	GlobalSection(SolutionConfigurationPlatforms) = preSolution
		Debug|Any CPU = Debug|Any CPU
		Release|Any CPU = Release|Any CPU
	EndGlobalSection
	GlobalSection(ProjectConfigurationPlatforms) = postSolution
		{CD3EEFDE-74ED-48DA-8E82-1E6ABAB1A140}.Debug|Any CPU.ActiveCfg = Debug|Any CPU
		{CD3EEFDE-74ED-48DA-8E82-1E6ABAB1A140}.Debug|Any CPU.Build.0 = Debug|Any CPU
		{CD3EEFDE-74ED-48DA-8E82-1E6ABAB1A140}.Release|Any CPU.ActiveCfg = Release|Any CPU
		{CD3EEFDE-74ED-48DA-8E82-1E6ABAB1A140}.Release|Any CPU.Build.0 = Release|Any CPU
		{CE3C0ED7-208C-4043-89A9-19E93F1E2E46}.Debug|Any CPU.ActiveCfg = Debug|Any CPU
		{CE3C0ED7-208C-4043-89A9-19E93F1E2E46}.Debug|Any CPU.Build.0 = Debug|Any CPU
		{CE3C0ED7-208C-4043-89A9-19E93F1E2E46}.Release|Any CPU.ActiveCfg = Release|Any CPU
		{CE3C0ED7-208C-4043-89A9-19E93F1E2E46}.Release|Any CPU.Build.0 = Release|Any CPU
		{8C148A22-B1DE-44F2-AEA8-90853DCA6EFE}.Debug|Any CPU.ActiveCfg = Debug|Any CPU
		{8C148A22-B1DE-44F2-AEA8-90853DCA6EFE}.Debug|Any CPU.Build.0 = Debug|Any CPU
		{8C148A22-B1DE-44F2-AEA8-90853DCA6EFE}.Release|Any CPU.ActiveCfg = Release|Any CPU
		{8C148A22-B1DE-44F2-AEA8-90853DCA6EFE}.Release|Any CPU.Build.0 = Release|Any CPU
		{5731ED79-DFC9-41D5-8A2E-82C578AD1D96}.Debug|Any CPU.ActiveCfg = Debug|Any CPU
		{5731ED79-DFC9-41D5-8A2E-82C578AD1D96}.Debug|Any CPU.Build.0 = Debug|Any CPU
		{5731ED79-DFC9-41D5-8A2E-82C578AD1D96}.Release|Any CPU.ActiveCfg = Release|Any CPU
		{5731ED79-DFC9-41D5-8A2E-82C578AD1D96}.Release|Any CPU.Build.0 = Release|Any CPU
	EndGlobalSection
	GlobalSection(SolutionProperties) = preSolution
		HideSolutionNode = FALSE
	EndGlobalSection
	GlobalSection(ExtensibilityGlobals) = postSolution
		SolutionGuid = {1BC43A44-42D8-4269-8C09-56DF534F7911}
	EndGlobalSection
EndGlobal
